// !$*UTF8*$!
{
	archiveVersion = 1;
	classes = {
	};
	objectVersion = 48;
	objects = {

/* Begin PBXBuildFile section */
		3B90B8C82038D33D00396508 /* AppDelegate.swift in Sources */ = {isa = PBXBuildFile; fileRef = 3B90B8C72038D33D00396508 /* AppDelegate.swift */; };
		3B90B8CA2038D33D00396508 /* ViewController.swift in Sources */ = {isa = PBXBuildFile; fileRef = 3B90B8C92038D33D00396508 /* ViewController.swift */; };
		3B90B8CD2038D33D00396508 /* Main.storyboard in Resources */ = {isa = PBXBuildFile; fileRef = 3B90B8CB2038D33D00396508 /* Main.storyboard */; };
		3B90B8CF2038D33D00396508 /* Assets.xcassets in Resources */ = {isa = PBXBuildFile; fileRef = 3B90B8CE2038D33D00396508 /* Assets.xcassets */; };
		3B90B8D22038D33D00396508 /* LaunchScreen.storyboard in Resources */ = {isa = PBXBuildFile; fileRef = 3B90B8D02038D33D00396508 /* LaunchScreen.storyboard */; };
		3B90B8DC2038D67D00396508 /* WordSetViewController.swift in Sources */ = {isa = PBXBuildFile; fileRef = 3B90B8DB2038D67D00396508 /* WordSetViewController.swift */; };
		3B90B8DF2038D8BD00396508 /* WordSetSelector.swift in Sources */ = {isa = PBXBuildFile; fileRef = 3B90B8DE2038D8BD00396508 /* WordSetSelector.swift */; };
		3B90B90A203F3D4400396508 /* MenuPopupViewController.swift in Sources */ = {isa = PBXBuildFile; fileRef = 3B90B909203F3D4400396508 /* MenuPopupViewController.swift */; };
		3BBD571E2045D08900377202 /* UIViewExtension.swift in Sources */ = {isa = PBXBuildFile; fileRef = 3BBD571D2045D08900377202 /* UIViewExtension.swift */; };
/* End PBXBuildFile section */

/* Begin PBXFileReference section */
		3B90B8C42038D33D00396508 /* MagneticPoetry.app */ = {isa = PBXFileReference; explicitFileType = wrapper.application; includeInIndex = 0; path = MagneticPoetry.app; sourceTree = BUILT_PRODUCTS_DIR; };
		3B90B8C72038D33D00396508 /* AppDelegate.swift */ = {isa = PBXFileReference; lastKnownFileType = sourcecode.swift; path = AppDelegate.swift; sourceTree = "<group>"; };
		3B90B8C92038D33D00396508 /* ViewController.swift */ = {isa = PBXFileReference; lastKnownFileType = sourcecode.swift; path = ViewController.swift; sourceTree = "<group>"; };
		3B90B8CC2038D33D00396508 /* Base */ = {isa = PBXFileReference; lastKnownFileType = file.storyboard; name = Base; path = Base.lproj/Main.storyboard; sourceTree = "<group>"; };
		3B90B8CE2038D33D00396508 /* Assets.xcassets */ = {isa = PBXFileReference; lastKnownFileType = folder.assetcatalog; path = Assets.xcassets; sourceTree = "<group>"; };
		3B90B8D12038D33D00396508 /* Base */ = {isa = PBXFileReference; lastKnownFileType = file.storyboard; name = Base; path = Base.lproj/LaunchScreen.storyboard; sourceTree = "<group>"; };
		3B90B8D32038D33D00396508 /* Info.plist */ = {isa = PBXFileReference; lastKnownFileType = text.plist.xml; path = Info.plist; sourceTree = "<group>"; };
		3B90B8DB2038D67D00396508 /* WordSetViewController.swift */ = {isa = PBXFileReference; lastKnownFileType = sourcecode.swift; path = WordSetViewController.swift; sourceTree = "<group>"; };
		3B90B8DE2038D8BD00396508 /* WordSetSelector.swift */ = {isa = PBXFileReference; lastKnownFileType = sourcecode.swift; path = WordSetSelector.swift; sourceTree = "<group>"; };
		3B90B909203F3D4400396508 /* MenuPopupViewController.swift */ = {isa = PBXFileReference; lastKnownFileType = sourcecode.swift; path = MenuPopupViewController.swift; sourceTree = "<group>"; };
		3BBD571D2045D08900377202 /* UIViewExtension.swift */ = {isa = PBXFileReference; lastKnownFileType = sourcecode.swift; path = UIViewExtension.swift; sourceTree = "<group>"; };
/* End PBXFileReference section */

/* Begin PBXFrameworksBuildPhase section */
		3B90B8C12038D33D00396508 /* Frameworks */ = {
			isa = PBXFrameworksBuildPhase;
			buildActionMask = 2147483647;
			files = (
			);
			runOnlyForDeploymentPostprocessing = 0;
		};
/* End PBXFrameworksBuildPhase section */

/* Begin PBXGroup section */
		3B90B8BB2038D33D00396508 = {
			isa = PBXGroup;
			children = (
				3B90B8C62038D33D00396508 /* MagneticPoetry */,
				3B90B8C52038D33D00396508 /* Products */,
			);
			sourceTree = "<group>";
		};
		3B90B8C52038D33D00396508 /* Products */ = {
			isa = PBXGroup;
			children = (
				3B90B8C42038D33D00396508 /* MagneticPoetry.app */,
			);
			name = Products;
			sourceTree = "<group>";
		};
		3B90B8C62038D33D00396508 /* MagneticPoetry */ = {
			isa = PBXGroup;
			children = (
				3BBD571C2045D07000377202 /* Extensions */,
				3B90B8DA2038D35300396508 /* View Controller */,
				3B90B8D92038D34E00396508 /* Modal */,
				3B90B8C72038D33D00396508 /* AppDelegate.swift */,
				3B90B8CB2038D33D00396508 /* Main.storyboard */,
				3B90B8CE2038D33D00396508 /* Assets.xcassets */,
				3B90B8D02038D33D00396508 /* LaunchScreen.storyboard */,
				3B90B8D32038D33D00396508 /* Info.plist */,
			);
			path = MagneticPoetry;
			sourceTree = "<group>";
		};
		3B90B8D92038D34E00396508 /* Modal */ = {
			isa = PBXGroup;
			children = (
				3B90B8DE2038D8BD00396508 /* WordSetSelector.swift */,
			);
			path = Modal;
			sourceTree = "<group>";
		};
		3B90B8DA2038D35300396508 /* View Controller */ = {
			isa = PBXGroup;
			children = (
				3B90B8C92038D33D00396508 /* ViewController.swift */,
				3B90B8DB2038D67D00396508 /* WordSetViewController.swift */,
				3B90B909203F3D4400396508 /* MenuPopupViewController.swift */,
			);
			path = "View Controller";
			sourceTree = "<group>";
		};
		3BBD571C2045D07000377202 /* Extensions */ = {
			isa = PBXGroup;
			children = (
				3BBD571D2045D08900377202 /* UIViewExtension.swift */,
			);
			path = Extensions;
			sourceTree = "<group>";
		};
/* End PBXGroup section */

/* Begin PBXNativeTarget section */
		3B90B8C32038D33D00396508 /* MagneticPoetry */ = {
			isa = PBXNativeTarget;
			buildConfigurationList = 3B90B8D62038D33D00396508 /* Build configuration list for PBXNativeTarget "MagneticPoetry" */;
			buildPhases = (
				3B90B8C02038D33D00396508 /* Sources */,
				3B90B8C12038D33D00396508 /* Frameworks */,
				3B90B8C22038D33D00396508 /* Resources */,
			);
			buildRules = (
			);
			dependencies = (
			);
			name = MagneticPoetry;
			productName = MagneticPoetry;
			productReference = 3B90B8C42038D33D00396508 /* MagneticPoetry.app */;
			productType = "com.apple.product-type.application";
		};
/* End PBXNativeTarget section */

/* Begin PBXProject section */
		3B90B8BC2038D33D00396508 /* Project object */ = {
			isa = PBXProject;
			attributes = {
				LastSwiftUpdateCheck = 0920;
				LastUpgradeCheck = 0920;
				ORGANIZATIONNAME = "Sungmin Park";
				TargetAttributes = {
					3B90B8C32038D33D00396508 = {
						CreatedOnToolsVersion = 9.2;
						ProvisioningStyle = Automatic;
					};
				};
			};
			buildConfigurationList = 3B90B8BF2038D33D00396508 /* Build configuration list for PBXProject "MagneticPoetry" */;
			compatibilityVersion = "Xcode 8.0";
			developmentRegion = en;
			hasScannedForEncodings = 0;
			knownRegions = (
				en,
				Base,
			);
			mainGroup = 3B90B8BB2038D33D00396508;
			productRefGroup = 3B90B8C52038D33D00396508 /* Products */;
			projectDirPath = "";
			projectRoot = "";
			targets = (
				3B90B8C32038D33D00396508 /* MagneticPoetry */,
			);
		};
/* End PBXProject section */

/* Begin PBXResourcesBuildPhase section */
		3B90B8C22038D33D00396508 /* Resources */ = {
			isa = PBXResourcesBuildPhase;
			buildActionMask = 2147483647;
			files = (
				3B90B8D22038D33D00396508 /* LaunchScreen.storyboard in Resources */,
				3B90B8CF2038D33D00396508 /* Assets.xcassets in Resources */,
				3B90B8CD2038D33D00396508 /* Main.storyboard in Resources */,
			);
			runOnlyForDeploymentPostprocessing = 0;
		};
/* End PBXResourcesBuildPhase section */

/* Begin PBXSourcesBuildPhase section */
		3B90B8C02038D33D00396508 /* Sources */ = {
			isa = PBXSourcesBuildPhase;
			buildActionMask = 2147483647;
			files = (
				3BBD571E2045D08900377202 /* UIViewExtension.swift in Sources */,
				3B90B8DF2038D8BD00396508 /* WordSetSelector.swift in Sources */,
				3B90B90A203F3D4400396508 /* MenuPopupViewController.swift in Sources */,
				3B90B8DC2038D67D00396508 /* WordSetViewController.swift in Sources */,
				3B90B8CA2038D33D00396508 /* ViewController.swift in Sources */,
				3B90B8C82038D33D00396508 /* AppDelegate.swift in Sources */,
			);
			runOnlyForDeploymentPostprocessing = 0;
		};
/* End PBXSourcesBuildPhase section */

/* Begin PBXVariantGroup section */
		3B90B8CB2038D33D00396508 /* Main.storyboard */ = {
			isa = PBXVariantGroup;
			children = (
				3B90B8CC2038D33D00396508 /* Base */,
			);
			name = Main.storyboard;
			sourceTree = "<group>";
		};
		3B90B8D02038D33D00396508 /* LaunchScreen.storyboard */ = {
			isa = PBXVariantGroup;
			children = (
				3B90B8D12038D33D00396508 /* Base */,
			);
			name = LaunchScreen.storyboard;
			sourceTree = "<group>";
		};
/* End PBXVariantGroup section */

/* Begin XCBuildConfiguration section */
		3B90B8D42038D33D00396508 /* Debug */ = {
			isa = XCBuildConfiguration;
			buildSettings = {
				ALWAYS_SEARCH_USER_PATHS = NO;
				CLANG_ANALYZER_NONNULL = YES;
				CLANG_ANALYZER_NUMBER_OBJECT_CONVERSION = YES_AGGRESSIVE;
				CLANG_CXX_LANGUAGE_STANDARD = "gnu++14";
				CLANG_CXX_LIBRARY = "libc++";
				CLANG_ENABLE_MODULES = YES;
				CLANG_ENABLE_OBJC_ARC = YES;
				CLANG_WARN_BLOCK_CAPTURE_AUTORELEASING = YES;
				CLANG_WARN_BOOL_CONVERSION = YES;
				CLANG_WARN_COMMA = YES;
				CLANG_WARN_CONSTANT_CONVERSION = YES;
				CLANG_WARN_DIRECT_OBJC_ISA_USAGE = YES_ERROR;
				CLANG_WARN_DOCUMENTATION_COMMENTS = YES;
				CLANG_WARN_EMPTY_BODY = YES;
				CLANG_WARN_ENUM_CONVERSION = YES;
				CLANG_WARN_INFINITE_RECURSION = YES;
				CLANG_WARN_INT_CONVERSION = YES;
				CLANG_WARN_NON_LITERAL_NULL_CONVERSION = YES;
				CLANG_WARN_OBJC_LITERAL_CONVERSION = YES;
				CLANG_WARN_OBJC_ROOT_CLASS = YES_ERROR;
				CLANG_WARN_RANGE_LOOP_ANALYSIS = YES;
				CLANG_WARN_STRICT_PROTOTYPES = YES;
				CLANG_WARN_SUSPICIOUS_MOVE = YES;
				CLANG_WARN_UNGUARDED_AVAILABILITY = YES_AGGRESSIVE;
				CLANG_WARN_UNREACHABLE_CODE = YES;
				CLANG_WARN__DUPLICATE_METHOD_MATCH = YES;
				CODE_SIGN_IDENTITY = "iPhone Developer";
				COPY_PHASE_STRIP = NO;
				DEBUG_INFORMATION_FORMAT = dwarf;
				ENABLE_STRICT_OBJC_MSGSEND = YES;
				ENABLE_TESTABILITY = YES;
				GCC_C_LANGUAGE_STANDARD = gnu11;
				GCC_DYNAMIC_NO_PIC = NO;
				GCC_NO_COMMON_BLOCKS = YES;
				GCC_OPTIMIZATION_LEVEL = 0;
				GCC_PREPROCESSOR_DEFINITIONS = (
					"DEBUG=1",
					"$(inherited)",
				);
				GCC_WARN_64_TO_32_BIT_CONVERSION = YES;
				GCC_WARN_ABOUT_RETURN_TYPE = YES_ERROR;
				GCC_WARN_UNDECLARED_SELECTOR = YES;
				GCC_WARN_UNINITIALIZED_AUTOS = YES_AGGRESSIVE;
				GCC_WARN_UNUSED_FUNCTION = YES;
				GCC_WARN_UNUSED_VARIABLE = YES;
				IPHONEOS_DEPLOYMENT_TARGET = 11.2;
				MTL_ENABLE_DEBUG_INFO = YES;
				ONLY_ACTIVE_ARCH = YES;
				SDKROOT = iphoneos;
				SWIFT_ACTIVE_COMPILATION_CONDITIONS = DEBUG;
				SWIFT_OPTIMIZATION_LEVEL = "-Onone";
			};
			name = Debug;
		};
		3B90B8D52038D33D00396508 /* Release */ = {
			isa = XCBuildConfiguration;
			buildSettings = {
				ALWAYS_SEARCH_USER_PATHS = NO;
				CLANG_ANALYZER_NONNULL = YES;
				CLANG_ANALYZER_NUMBER_OBJECT_CONVERSION = YES_AGGRESSIVE;
				CLANG_CXX_LANGUAGE_STANDARD = "gnu++14";
				CLANG_CXX_LIBRARY = "libc++";
				CLANG_ENABLE_MODULES = YES;
				CLANG_ENABLE_OBJC_ARC = YES;
				CLANG_WARN_BLOCK_CAPTURE_AUTORELEASING = YES;
				CLANG_WARN_BOOL_CONVERSION = YES;
				CLANG_WARN_COMMA = YES;
				CLANG_WARN_CONSTANT_CONVERSION = YES;
				CLANG_WARN_DIRECT_OBJC_ISA_USAGE = YES_ERROR;
				CLANG_WARN_DOCUMENTATION_COMMENTS = YES;
				CLANG_WARN_EMPTY_BODY = YES;
				CLANG_WARN_ENUM_CONVERSION = YES;
				CLANG_WARN_INFINITE_RECURSION = YES;
				CLANG_WARN_INT_CONVERSION = YES;
				CLANG_WARN_NON_LITERAL_NULL_CONVERSION = YES;
				CLANG_WARN_OBJC_LITERAL_CONVERSION = YES;
				CLANG_WARN_OBJC_ROOT_CLASS = YES_ERROR;
				CLANG_WARN_RANGE_LOOP_ANALYSIS = YES;
				CLANG_WARN_STRICT_PROTOTYPES = YES;
				CLANG_WARN_SUSPICIOUS_MOVE = YES;
				CLANG_WARN_UNGUARDED_AVAILABILITY = YES_AGGRESSIVE;
				CLANG_WARN_UNREACHABLE_CODE = YES;
				CLANG_WARN__DUPLICATE_METHOD_MATCH = YES;
				CODE_SIGN_IDENTITY = "iPhone Developer";
				COPY_PHASE_STRIP = NO;
				DEBUG_INFORMATION_FORMAT = "dwarf-with-dsym";
				ENABLE_NS_ASSERTIONS = NO;
				ENABLE_STRICT_OBJC_MSGSEND = YES;
				GCC_C_LANGUAGE_STANDARD = gnu11;
				GCC_NO_COMMON_BLOCKS = YES;
				GCC_WARN_64_TO_32_BIT_CONVERSION = YES;
				GCC_WARN_ABOUT_RETURN_TYPE = YES_ERROR;
				GCC_WARN_UNDECLARED_SELECTOR = YES;
				GCC_WARN_UNINITIALIZED_AUTOS = YES_AGGRESSIVE;
				GCC_WARN_UNUSED_FUNCTION = YES;
				GCC_WARN_UNUSED_VARIABLE = YES;
				IPHONEOS_DEPLOYMENT_TARGET = 11.2;
				MTL_ENABLE_DEBUG_INFO = NO;
				SDKROOT = iphoneos;
				SWIFT_OPTIMIZATION_LEVEL = "-Owholemodule";
				VALIDATE_PRODUCT = YES;
			};
			name = Release;
		};
		3B90B8D72038D33D00396508 /* Debug */ = {
			isa = XCBuildConfiguration;
			buildSettings = {
				ASSETCATALOG_COMPILER_APPICON_NAME = AppIcon;
				CODE_SIGN_STYLE = Automatic;
				INFOPLIST_FILE = MagneticPoetry/Info.plist;
				LD_RUNPATH_SEARCH_PATHS = "$(inherited) @executable_path/Frameworks";
				PRODUCT_BUNDLE_IDENTIFIER = com.spark.MagneticPoetry;
				PRODUCT_NAME = "$(TARGET_NAME)";
				SWIFT_VERSION = 4.0;
				TARGETED_DEVICE_FAMILY = "1,2";
			};
			name = Debug;
		};
		3B90B8D82038D33D00396508 /* Release */ = {
			isa = XCBuildConfiguration;
			buildSettings = {
				ASSETCATALOG_COMPILER_APPICON_NAME = AppIcon;
				CODE_SIGN_STYLE = Automatic;
				INFOPLIST_FILE = MagneticPoetry/Info.plist;
				LD_RUNPATH_SEARCH_PATHS = "$(inherited) @executable_path/Frameworks";
				PRODUCT_BUNDLE_IDENTIFIER = com.spark.MagneticPoetry;
				PRODUCT_NAME = "$(TARGET_NAME)";
				SWIFT_VERSION = 4.0;
				TARGETED_DEVICE_FAMILY = "1,2";
			};
			name = Release;
		};
/* End XCBuildConfiguration section */

/* Begin XCConfigurationList section */
		3B90B8BF2038D33D00396508 /* Build configuration list for PBXProject "MagneticPoetry" */ = {
			isa = XCConfigurationList;
			buildConfigurations = (
				3B90B8D42038D33D00396508 /* Debug */,
				3B90B8D52038D33D00396508 /* Release */,
			);
			defaultConfigurationIsVisible = 0;
			defaultConfigurationName = Release;
		};
		3B90B8D62038D33D00396508 /* Build configuration list for PBXNativeTarget "MagneticPoetry" */ = {
			isa = XCConfigurationList;
			buildConfigurations = (
				3B90B8D72038D33D00396508 /* Debug */,
				3B90B8D82038D33D00396508 /* Release */,
			);
			defaultConfigurationIsVisible = 0;
			defaultConfigurationName = Release;
		};
/* End XCConfigurationList section */
	};
	rootObject = 3B90B8BC2038D33D00396508 /* Project object */;
}
